// !$*UTF8*$!
{
	archiveVersion = 1;
	classes = {
	};
	objectVersion = 48;
	objects = {

/* Begin PBXBuildFile section */
		B60F6B6E2048F5940068992D /* Employee+CoreDataProperties.swift in Sources */ = {isa = PBXBuildFile; fileRef = B60F6B6A2048F5940068992D /* Employee+CoreDataProperties.swift */; };
		B60F6B6F2048F5940068992D /* Employee+CoreDataClass.swift in Sources */ = {isa = PBXBuildFile; fileRef = B60F6B6B2048F5940068992D /* Employee+CoreDataClass.swift */; };
		B60F6B702048F5940068992D /* PersonInfo+CoreDataClass.swift in Sources */ = {isa = PBXBuildFile; fileRef = B60F6B6C2048F5940068992D /* PersonInfo+CoreDataClass.swift */; };
		B60F6B712048F5940068992D /* PersonInfo+CoreDataProperties.swift in Sources */ = {isa = PBXBuildFile; fileRef = B60F6B6D2048F5940068992D /* PersonInfo+CoreDataProperties.swift */; };
		B60F6B732048FD370068992D /* SchoolViewController.swift in Sources */ = {isa = PBXBuildFile; fileRef = B60F6B722048FD360068992D /* SchoolViewController.swift */; };
		B60F6B752049040E0068992D /* SchoolTableViewCell.swift in Sources */ = {isa = PBXBuildFile; fileRef = B60F6B742049040D0068992D /* SchoolTableViewCell.swift */; };
		B6ED27E52048427500B6917B /* AppDelegate.swift in Sources */ = {isa = PBXBuildFile; fileRef = B6ED27E42048427500B6917B /* AppDelegate.swift */; };
		B6ED27E72048427500B6917B /* ViewController.swift in Sources */ = {isa = PBXBuildFile; fileRef = B6ED27E62048427500B6917B /* ViewController.swift */; };
		B6ED27EA2048427500B6917B /* Main.storyboard in Resources */ = {isa = PBXBuildFile; fileRef = B6ED27E82048427500B6917B /* Main.storyboard */; };
		B6ED27EC2048427500B6917B /* Assets.xcassets in Resources */ = {isa = PBXBuildFile; fileRef = B6ED27EB2048427500B6917B /* Assets.xcassets */; };
		B6ED27EF2048427500B6917B /* LaunchScreen.storyboard in Resources */ = {isa = PBXBuildFile; fileRef = B6ED27ED2048427500B6917B /* LaunchScreen.storyboard */; };
		B6ED27FA2048427500B6917B /* CoreDataDemoTests.swift in Sources */ = {isa = PBXBuildFile; fileRef = B6ED27F92048427500B6917B /* CoreDataDemoTests.swift */; };
		B6ED28052048427500B6917B /* CoreDataDemoUITests.swift in Sources */ = {isa = PBXBuildFile; fileRef = B6ED28042048427500B6917B /* CoreDataDemoUITests.swift */; };
		B6ED28142048438F00B6917B /* Company.xcdatamodeld in Sources */ = {isa = PBXBuildFile; fileRef = B6ED28122048438F00B6917B /* Company.xcdatamodeld */; };
/* End PBXBuildFile section */

/* Begin PBXContainerItemProxy section */
		B6ED27F62048427500B6917B /* PBXContainerItemProxy */ = {
			isa = PBXContainerItemProxy;
			containerPortal = B6ED27D92048427500B6917B /* Project object */;
			proxyType = 1;
			remoteGlobalIDString = B6ED27E02048427500B6917B;
			remoteInfo = CoreDataDemo;
		};
		B6ED28012048427500B6917B /* PBXContainerItemProxy */ = {
			isa = PBXContainerItemProxy;
			containerPortal = B6ED27D92048427500B6917B /* Project object */;
			proxyType = 1;
			remoteGlobalIDString = B6ED27E02048427500B6917B;
			remoteInfo = CoreDataDemo;
		};
/* End PBXContainerItemProxy section */

/* Begin PBXFileReference section */
		B60F6B6A2048F5940068992D /* Employee+CoreDataProperties.swift */ = {isa = PBXFileReference; fileEncoding = 4; lastKnownFileType = sourcecode.swift; path = "Employee+CoreDataProperties.swift"; sourceTree = "<group>"; };
		B60F6B6B2048F5940068992D /* Employee+CoreDataClass.swift */ = {isa = PBXFileReference; fileEncoding = 4; lastKnownFileType = sourcecode.swift; path = "Employee+CoreDataClass.swift"; sourceTree = "<group>"; };
		B60F6B6C2048F5940068992D /* PersonInfo+CoreDataClass.swift */ = {isa = PBXFileReference; fileEncoding = 4; lastKnownFileType = sourcecode.swift; path = "PersonInfo+CoreDataClass.swift"; sourceTree = "<group>"; };
		B60F6B6D2048F5940068992D /* PersonInfo+CoreDataProperties.swift */ = {isa = PBXFileReference; fileEncoding = 4; lastKnownFileType = sourcecode.swift; path = "PersonInfo+CoreDataProperties.swift"; sourceTree = "<group>"; };
		B60F6B722048FD360068992D /* SchoolViewController.swift */ = {isa = PBXFileReference; lastKnownFileType = sourcecode.swift; path = SchoolViewController.swift; sourceTree = "<group>"; };
		B60F6B742049040D0068992D /* SchoolTableViewCell.swift */ = {isa = PBXFileReference; lastKnownFileType = sourcecode.swift; path = SchoolTableViewCell.swift; sourceTree = "<group>"; };
		B6ED27E12048427500B6917B /* CoreDataDemo.app */ = {isa = PBXFileReference; explicitFileType = wrapper.application; includeInIndex = 0; path = CoreDataDemo.app; sourceTree = BUILT_PRODUCTS_DIR; };
		B6ED27E42048427500B6917B /* AppDelegate.swift */ = {isa = PBXFileReference; lastKnownFileType = sourcecode.swift; path = AppDelegate.swift; sourceTree = "<group>"; };
		B6ED27E62048427500B6917B /* ViewController.swift */ = {isa = PBXFileReference; lastKnownFileType = sourcecode.swift; path = ViewController.swift; sourceTree = "<group>"; };
		B6ED27E92048427500B6917B /* Base */ = {isa = PBXFileReference; lastKnownFileType = file.storyboard; name = Base; path = Base.lproj/Main.storyboard; sourceTree = "<group>"; };
		B6ED27EB2048427500B6917B /* Assets.xcassets */ = {isa = PBXFileReference; lastKnownFileType = folder.assetcatalog; path = Assets.xcassets; sourceTree = "<group>"; };
		B6ED27EE2048427500B6917B /* Base */ = {isa = PBXFileReference; lastKnownFileType = file.storyboard; name = Base; path = Base.lproj/LaunchScreen.storyboard; sourceTree = "<group>"; };
		B6ED27F02048427500B6917B /* Info.plist */ = {isa = PBXFileReference; lastKnownFileType = text.plist.xml; path = Info.plist; sourceTree = "<group>"; };
		B6ED27F52048427500B6917B /* CoreDataDemoTests.xctest */ = {isa = PBXFileReference; explicitFileType = wrapper.cfbundle; includeInIndex = 0; path = CoreDataDemoTests.xctest; sourceTree = BUILT_PRODUCTS_DIR; };
		B6ED27F92048427500B6917B /* CoreDataDemoTests.swift */ = {isa = PBXFileReference; lastKnownFileType = sourcecode.swift; path = CoreDataDemoTests.swift; sourceTree = "<group>"; };
		B6ED27FB2048427500B6917B /* Info.plist */ = {isa = PBXFileReference; lastKnownFileType = text.plist.xml; path = Info.plist; sourceTree = "<group>"; };
		B6ED28002048427500B6917B /* CoreDataDemoUITests.xctest */ = {isa = PBXFileReference; explicitFileType = wrapper.cfbundle; includeInIndex = 0; path = CoreDataDemoUITests.xctest; sourceTree = BUILT_PRODUCTS_DIR; };
		B6ED28042048427500B6917B /* CoreDataDemoUITests.swift */ = {isa = PBXFileReference; lastKnownFileType = sourcecode.swift; path = CoreDataDemoUITests.swift; sourceTree = "<group>"; };
		B6ED28062048427500B6917B /* Info.plist */ = {isa = PBXFileReference; lastKnownFileType = text.plist.xml; path = Info.plist; sourceTree = "<group>"; };
		B6ED28132048438F00B6917B /* Company.xcdatamodel */ = {isa = PBXFileReference; lastKnownFileType = wrapper.xcdatamodel; path = Company.xcdatamodel; sourceTree = "<group>"; };
/* End PBXFileReference section */

/* Begin PBXFrameworksBuildPhase section */
		B6ED27DE2048427500B6917B /* Frameworks */ = {
			isa = PBXFrameworksBuildPhase;
			buildActionMask = 2147483647;
			files = (
			);
			runOnlyForDeploymentPostprocessing = 0;
		};
		B6ED27F22048427500B6917B /* Frameworks */ = {
			isa = PBXFrameworksBuildPhase;
			buildActionMask = 2147483647;
			files = (
			);
			runOnlyForDeploymentPostprocessing = 0;
		};
		B6ED27FD2048427500B6917B /* Frameworks */ = {
			isa = PBXFrameworksBuildPhase;
			buildActionMask = 2147483647;
			files = (
			);
			runOnlyForDeploymentPostprocessing = 0;
		};
/* End PBXFrameworksBuildPhase section */

/* Begin PBXGroup section */
		B60F6B692048F5940068992D /* School */ = {
			isa = PBXGroup;
			children = (
				B6ED28122048438F00B6917B /* Company.xcdatamodeld */,
				B60F6B6A2048F5940068992D /* Employee+CoreDataProperties.swift */,
				B60F6B6B2048F5940068992D /* Employee+CoreDataClass.swift */,
				B60F6B6C2048F5940068992D /* PersonInfo+CoreDataClass.swift */,
				B60F6B6D2048F5940068992D /* PersonInfo+CoreDataProperties.swift */,
				B60F6B722048FD360068992D /* SchoolViewController.swift */,
				B60F6B742049040D0068992D /* SchoolTableViewCell.swift */,
			);
			path = School;
			sourceTree = "<group>";
		};
		B6ED27D82048427500B6917B = {
			isa = PBXGroup;
			children = (
				B6ED27E32048427500B6917B /* CoreDataDemo */,
				B6ED27F82048427500B6917B /* CoreDataDemoTests */,
				B6ED28032048427500B6917B /* CoreDataDemoUITests */,
				B6ED27E22048427500B6917B /* Products */,
			);
			sourceTree = "<group>";
		};
		B6ED27E22048427500B6917B /* Products */ = {
			isa = PBXGroup;
			children = (
				B6ED27E12048427500B6917B /* CoreDataDemo.app */,
				B6ED27F52048427500B6917B /* CoreDataDemoTests.xctest */,
				B6ED28002048427500B6917B /* CoreDataDemoUITests.xctest */,
			);
			name = Products;
			sourceTree = "<group>";
		};
		B6ED27E32048427500B6917B /* CoreDataDemo */ = {
			isa = PBXGroup;
			children = (
				B60F6B692048F5940068992D /* School */,
				B6ED27E42048427500B6917B /* AppDelegate.swift */,
				B6ED27E62048427500B6917B /* ViewController.swift */,
				B6ED27E82048427500B6917B /* Main.storyboard */,
				B6ED27EB2048427500B6917B /* Assets.xcassets */,
				B6ED27ED2048427500B6917B /* LaunchScreen.storyboard */,
				B6ED27F02048427500B6917B /* Info.plist */,
			);
			path = CoreDataDemo;
			sourceTree = "<group>";
		};
		B6ED27F82048427500B6917B /* CoreDataDemoTests */ = {
			isa = PBXGroup;
			children = (
				B6ED27F92048427500B6917B /* CoreDataDemoTests.swift */,
				B6ED27FB2048427500B6917B /* Info.plist */,
			);
			path = CoreDataDemoTests;
			sourceTree = "<group>";
		};
		B6ED28032048427500B6917B /* CoreDataDemoUITests */ = {
			isa = PBXGroup;
			children = (
				B6ED28042048427500B6917B /* CoreDataDemoUITests.swift */,
				B6ED28062048427500B6917B /* Info.plist */,
			);
			path = CoreDataDemoUITests;
			sourceTree = "<group>";
		};
/* End PBXGroup section */

/* Begin PBXNativeTarget section */
		B6ED27E02048427500B6917B /* CoreDataDemo */ = {
			isa = PBXNativeTarget;
			buildConfigurationList = B6ED28092048427500B6917B /* Build configuration list for PBXNativeTarget "CoreDataDemo" */;
			buildPhases = (
				B6ED27DD2048427500B6917B /* Sources */,
				B6ED27DE2048427500B6917B /* Frameworks */,
				B6ED27DF2048427500B6917B /* Resources */,
			);
			buildRules = (
			);
			dependencies = (
			);
			name = CoreDataDemo;
			productName = CoreDataDemo;
			productReference = B6ED27E12048427500B6917B /* CoreDataDemo.app */;
			productType = "com.apple.product-type.application";
		};
		B6ED27F42048427500B6917B /* CoreDataDemoTests */ = {
			isa = PBXNativeTarget;
			buildConfigurationList = B6ED280C2048427500B6917B /* Build configuration list for PBXNativeTarget "CoreDataDemoTests" */;
			buildPhases = (
				B6ED27F12048427500B6917B /* Sources */,
				B6ED27F22048427500B6917B /* Frameworks */,
				B6ED27F32048427500B6917B /* Resources */,
			);
			buildRules = (
			);
			dependencies = (
				B6ED27F72048427500B6917B /* PBXTargetDependency */,
			);
			name = CoreDataDemoTests;
			productName = CoreDataDemoTests;
			productReference = B6ED27F52048427500B6917B /* CoreDataDemoTests.xctest */;
			productType = "com.apple.product-type.bundle.unit-test";
		};
		B6ED27FF2048427500B6917B /* CoreDataDemoUITests */ = {
			isa = PBXNativeTarget;
			buildConfigurationList = B6ED280F2048427500B6917B /* Build configuration list for PBXNativeTarget "CoreDataDemoUITests" */;
			buildPhases = (
				B6ED27FC2048427500B6917B /* Sources */,
				B6ED27FD2048427500B6917B /* Frameworks */,
				B6ED27FE2048427500B6917B /* Resources */,
			);
			buildRules = (
			);
			dependencies = (
				B6ED28022048427500B6917B /* PBXTargetDependency */,
			);
			name = CoreDataDemoUITests;
			productName = CoreDataDemoUITests;
			productReference = B6ED28002048427500B6917B /* CoreDataDemoUITests.xctest */;
			productType = "com.apple.product-type.bundle.ui-testing";
		};
/* End PBXNativeTarget section */

/* Begin PBXProject section */
		B6ED27D92048427500B6917B /* Project object */ = {
			isa = PBXProject;
			attributes = {
				LastSwiftUpdateCheck = 0900;
				LastUpgradeCheck = 0900;
				ORGANIZATIONNAME = "山不在高";
				TargetAttributes = {
					B6ED27E02048427500B6917B = {
						CreatedOnToolsVersion = 9.0;
						ProvisioningStyle = Automatic;
					};
					B6ED27F42048427500B6917B = {
						CreatedOnToolsVersion = 9.0;
						ProvisioningStyle = Automatic;
						TestTargetID = B6ED27E02048427500B6917B;
					};
					B6ED27FF2048427500B6917B = {
						CreatedOnToolsVersion = 9.0;
						ProvisioningStyle = Automatic;
						TestTargetID = B6ED27E02048427500B6917B;
					};
				};
			};
			buildConfigurationList = B6ED27DC2048427500B6917B /* Build configuration list for PBXProject "CoreDataDemo" */;
			compatibilityVersion = "Xcode 8.0";
			developmentRegion = en;
			hasScannedForEncodings = 0;
			knownRegions = (
				en,
				Base,
			);
			mainGroup = B6ED27D82048427500B6917B;
			productRefGroup = B6ED27E22048427500B6917B /* Products */;
			projectDirPath = "";
			projectRoot = "";
			targets = (
				B6ED27E02048427500B6917B /* CoreDataDemo */,
				B6ED27F42048427500B6917B /* CoreDataDemoTests */,
				B6ED27FF2048427500B6917B /* CoreDataDemoUITests */,
			);
		};
/* End PBXProject section */

/* Begin PBXResourcesBuildPhase section */
		B6ED27DF2048427500B6917B /* Resources */ = {
			isa = PBXResourcesBuildPhase;
			buildActionMask = 2147483647;
			files = (
				B6ED27EF2048427500B6917B /* LaunchScreen.storyboard in Resources */,
				B6ED27EC2048427500B6917B /* Assets.xcassets in Resources */,
				B6ED27EA2048427500B6917B /* Main.storyboard in Resources */,
			);
			runOnlyForDeploymentPostprocessing = 0;
		};
		B6ED27F32048427500B6917B /* Resources */ = {
			isa = PBXResourcesBuildPhase;
			buildActionMask = 2147483647;
			files = (
			);
			runOnlyForDeploymentPostprocessing = 0;
		};
		B6ED27FE2048427500B6917B /* Resources */ = {
			isa = PBXResourcesBuildPhase;
			buildActionMask = 2147483647;
			files = (
			);
			runOnlyForDeploymentPostprocessing = 0;
		};
/* End PBXResourcesBuildPhase section */

/* Begin PBXSourcesBuildPhase section */
		B6ED27DD2048427500B6917B /* Sources */ = {
			isa = PBXSourcesBuildPhase;
			buildActionMask = 2147483647;
			files = (
				B6ED27E72048427500B6917B /* ViewController.swift in Sources */,
				B60F6B6E2048F5940068992D /* Employee+CoreDataProperties.swift in Sources */,
				B6ED28142048438F00B6917B /* Company.xcdatamodeld in Sources */,
				B60F6B6F2048F5940068992D /* Employee+CoreDataClass.swift in Sources */,
				B60F6B732048FD370068992D /* SchoolViewController.swift in Sources */,
				B60F6B712048F5940068992D /* PersonInfo+CoreDataProperties.swift in Sources */,
				B60F6B702048F5940068992D /* PersonInfo+CoreDataClass.swift in Sources */,
				B60F6B752049040E0068992D /* SchoolTableViewCell.swift in Sources */,
				B6ED27E52048427500B6917B /* AppDelegate.swift in Sources */,
			);
			runOnlyForDeploymentPostprocessing = 0;
		};
		B6ED27F12048427500B6917B /* Sources */ = {
			isa = PBXSourcesBuildPhase;
			buildActionMask = 2147483647;
			files = (
				B6ED27FA2048427500B6917B /* CoreDataDemoTests.swift in Sources */,
			);
			runOnlyForDeploymentPostprocessing = 0;
		};
		B6ED27FC2048427500B6917B /* Sources */ = {
			isa = PBXSourcesBuildPhase;
			buildActionMask = 2147483647;
			files = (
				B6ED28052048427500B6917B /* CoreDataDemoUITests.swift in Sources */,
			);
			runOnlyForDeploymentPostprocessing = 0;
		};
/* End PBXSourcesBuildPhase section */

/* Begin PBXTargetDependency section */
		B6ED27F72048427500B6917B /* PBXTargetDependency */ = {
			isa = PBXTargetDependency;
			target = B6ED27E02048427500B6917B /* CoreDataDemo */;
			targetProxy = B6ED27F62048427500B6917B /* PBXContainerItemProxy */;
		};
		B6ED28022048427500B6917B /* PBXTargetDependency */ = {
			isa = PBXTargetDependency;
			target = B6ED27E02048427500B6917B /* CoreDataDemo */;
			targetProxy = B6ED28012048427500B6917B /* PBXContainerItemProxy */;
		};
/* End PBXTargetDependency section */

/* Begin PBXVariantGroup section */
		B6ED27E82048427500B6917B /* Main.storyboard */ = {
			isa = PBXVariantGroup;
			children = (
				B6ED27E92048427500B6917B /* Base */,
			);
			name = Main.storyboard;
			sourceTree = "<group>";
		};
		B6ED27ED2048427500B6917B /* LaunchScreen.storyboard */ = {
			isa = PBXVariantGroup;
			children = (
				B6ED27EE2048427500B6917B /* Base */,
			);
			name = LaunchScreen.storyboard;
			sourceTree = "<group>";
		};
/* End PBXVariantGroup section */

/* Begin XCBuildConfiguration section */
		B6ED28072048427500B6917B /* Debug */ = {
			isa = XCBuildConfiguration;
			buildSettings = {
				ALWAYS_SEARCH_USER_PATHS = NO;
				CLANG_ANALYZER_NONNULL = YES;
				CLANG_ANALYZER_NUMBER_OBJECT_CONVERSION = YES_AGGRESSIVE;
				CLANG_CXX_LANGUAGE_STANDARD = "gnu++14";
				CLANG_CXX_LIBRARY = "libc++";
				CLANG_ENABLE_MODULES = YES;
				CLANG_ENABLE_OBJC_ARC = YES;
				CLANG_WARN_BLOCK_CAPTURE_AUTORELEASING = YES;
				CLANG_WARN_BOOL_CONVERSION = YES;
				CLANG_WARN_COMMA = YES;
				CLANG_WARN_CONSTANT_CONVERSION = YES;
				CLANG_WARN_DIRECT_OBJC_ISA_USAGE = YES_ERROR;
				CLANG_WARN_DOCUMENTATION_COMMENTS = YES;
				CLANG_WARN_EMPTY_BODY = YES;
				CLANG_WARN_ENUM_CONVERSION = YES;
				CLANG_WARN_INFINITE_RECURSION = YES;
				CLANG_WARN_INT_CONVERSION = YES;
				CLANG_WARN_NON_LITERAL_NULL_CONVERSION = YES;
				CLANG_WARN_OBJC_LITERAL_CONVERSION = YES;
				CLANG_WARN_OBJC_ROOT_CLASS = YES_ERROR;
				CLANG_WARN_RANGE_LOOP_ANALYSIS = YES;
				CLANG_WARN_STRICT_PROTOTYPES = YES;
				CLANG_WARN_SUSPICIOUS_MOVE = YES;
				CLANG_WARN_UNGUARDED_AVAILABILITY = YES_AGGRESSIVE;
				CLANG_WARN_UNREACHABLE_CODE = YES;
				CLANG_WARN__DUPLICATE_METHOD_MATCH = YES;
				CODE_SIGN_IDENTITY = "iPhone Developer";
				COPY_PHASE_STRIP = NO;
				DEBUG_INFORMATION_FORMAT = dwarf;
				ENABLE_STRICT_OBJC_MSGSEND = YES;
				ENABLE_TESTABILITY = YES;
				GCC_C_LANGUAGE_STANDARD = gnu11;
				GCC_DYNAMIC_NO_PIC = NO;
				GCC_NO_COMMON_BLOCKS = YES;
				GCC_OPTIMIZATION_LEVEL = 0;
				GCC_PREPROCESSOR_DEFINITIONS = (
					"DEBUG=1",
					"$(inherited)",
				);
				GCC_WARN_64_TO_32_BIT_CONVERSION = YES;
				GCC_WARN_ABOUT_RETURN_TYPE = YES_ERROR;
				GCC_WARN_UNDECLARED_SELECTOR = YES;
				GCC_WARN_UNINITIALIZED_AUTOS = YES_AGGRESSIVE;
				GCC_WARN_UNUSED_FUNCTION = YES;
				GCC_WARN_UNUSED_VARIABLE = YES;
				IPHONEOS_DEPLOYMENT_TARGET = 11.0;
				MTL_ENABLE_DEBUG_INFO = YES;
				ONLY_ACTIVE_ARCH = YES;
				SDKROOT = iphoneos;
				SWIFT_ACTIVE_COMPILATION_CONDITIONS = DEBUG;
				SWIFT_OPTIMIZATION_LEVEL = "-Onone";
			};
			name = Debug;
		};
		B6ED28082048427500B6917B /* Release */ = {
			isa = XCBuildConfiguration;
			buildSettings = {
				ALWAYS_SEARCH_USER_PATHS = NO;
				CLANG_ANALYZER_NONNULL = YES;
				CLANG_ANALYZER_NUMBER_OBJECT_CONVERSION = YES_AGGRESSIVE;
				CLANG_CXX_LANGUAGE_STANDARD = "gnu++14";
				CLANG_CXX_LIBRARY = "libc++";
				CLANG_ENABLE_MODULES = YES;
				CLANG_ENABLE_OBJC_ARC = YES;
				CLANG_WARN_BLOCK_CAPTURE_AUTORELEASING = YES;
				CLANG_WARN_BOOL_CONVERSION = YES;
				CLANG_WARN_COMMA = YES;
				CLANG_WARN_CONSTANT_CONVERSION = YES;
				CLANG_WARN_DIRECT_OBJC_ISA_USAGE = YES_ERROR;
				CLANG_WARN_DOCUMENTATION_COMMENTS = YES;
				CLANG_WARN_EMPTY_BODY = YES;
				CLANG_WARN_ENUM_CONVERSION = YES;
				CLANG_WARN_INFINITE_RECURSION = YES;
				CLANG_WARN_INT_CONVERSION = YES;
				CLANG_WARN_NON_LITERAL_NULL_CONVERSION = YES;
				CLANG_WARN_OBJC_LITERAL_CONVERSION = YES;
				CLANG_WARN_OBJC_ROOT_CLASS = YES_ERROR;
				CLANG_WARN_RANGE_LOOP_ANALYSIS = YES;
				CLANG_WARN_STRICT_PROTOTYPES = YES;
				CLANG_WARN_SUSPICIOUS_MOVE = YES;
				CLANG_WARN_UNGUARDED_AVAILABILITY = YES_AGGRESSIVE;
				CLANG_WARN_UNREACHABLE_CODE = YES;
				CLANG_WARN__DUPLICATE_METHOD_MATCH = YES;
				CODE_SIGN_IDENTITY = "iPhone Developer";
				COPY_PHASE_STRIP = NO;
				DEBUG_INFORMATION_FORMAT = "dwarf-with-dsym";
				ENABLE_NS_ASSERTIONS = NO;
				ENABLE_STRICT_OBJC_MSGSEND = YES;
				GCC_C_LANGUAGE_STANDARD = gnu11;
				GCC_NO_COMMON_BLOCKS = YES;
				GCC_WARN_64_TO_32_BIT_CONVERSION = YES;
				GCC_WARN_ABOUT_RETURN_TYPE = YES_ERROR;
				GCC_WARN_UNDECLARED_SELECTOR = YES;
				GCC_WARN_UNINITIALIZED_AUTOS = YES_AGGRESSIVE;
				GCC_WARN_UNUSED_FUNCTION = YES;
				GCC_WARN_UNUSED_VARIABLE = YES;
				IPHONEOS_DEPLOYMENT_TARGET = 11.0;
				MTL_ENABLE_DEBUG_INFO = NO;
				SDKROOT = iphoneos;
				SWIFT_OPTIMIZATION_LEVEL = "-Owholemodule";
				VALIDATE_PRODUCT = YES;
			};
			name = Release;
		};
		B6ED280A2048427500B6917B /* Debug */ = {
			isa = XCBuildConfiguration;
			buildSettings = {
				ASSETCATALOG_COMPILER_APPICON_NAME = AppIcon;
				CODE_SIGN_STYLE = Automatic;
				INFOPLIST_FILE = CoreDataDemo/Info.plist;
				IPHONEOS_DEPLOYMENT_TARGET = 10.0;
				LD_RUNPATH_SEARCH_PATHS = "$(inherited) @executable_path/Frameworks";
				PRODUCT_BUNDLE_IDENTIFIER = com.pangshishan.CoreDataDemo;
				PRODUCT_NAME = "$(TARGET_NAME)";
				SWIFT_VERSION = 4.0;
				TARGETED_DEVICE_FAMILY = "1,2";
			};
			name = Debug;
		};
		B6ED280B2048427500B6917B /* Release */ = {
			isa = XCBuildConfiguration;
			buildSettings = {
				ASSETCATALOG_COMPILER_APPICON_NAME = AppIcon;
				CODE_SIGN_STYLE = Automatic;
				INFOPLIST_FILE = CoreDataDemo/Info.plist;
				IPHONEOS_DEPLOYMENT_TARGET = 10.0;
				LD_RUNPATH_SEARCH_PATHS = "$(inherited) @executable_path/Frameworks";
				PRODUCT_BUNDLE_IDENTIFIER = com.pangshishan.CoreDataDemo;
				PRODUCT_NAME = "$(TARGET_NAME)";
				SWIFT_VERSION = 4.0;
				TARGETED_DEVICE_FAMILY = "1,2";
			};
			name = Release;
		};
		B6ED280D2048427500B6917B /* Debug */ = {
			isa = XCBuildConfiguration;
			buildSettings = {
				ALWAYS_EMBED_SWIFT_STANDARD_LIBRARIES = YES;
				BUNDLE_LOADER = "$(TEST_HOST)";
				CODE_SIGN_STYLE = Automatic;
				INFOPLIST_FILE = CoreDataDemoTests/Info.plist;
				LD_RUNPATH_SEARCH_PATHS = "$(inherited) @executable_path/Frameworks @loader_path/Frameworks";
				PRODUCT_BUNDLE_IDENTIFIER = com.pangshishan.CoreDataDemoTests;
				PRODUCT_NAME = "$(TARGET_NAME)";
				SWIFT_VERSION = 4.0;
				TARGETED_DEVICE_FAMILY = "1,2";
				TEST_HOST = "$(BUILT_PRODUCTS_DIR)/CoreDataDemo.app/CoreDataDemo";
			};
			name = Debug;
		};
		B6ED280E2048427500B6917B /* Release */ = {
			isa = XCBuildConfiguration;
			buildSettings = {
				ALWAYS_EMBED_SWIFT_STANDARD_LIBRARIES = YES;
				BUNDLE_LOADER = "$(TEST_HOST)";
				CODE_SIGN_STYLE = Automatic;
				INFOPLIST_FILE = CoreDataDemoTests/Info.plist;
				LD_RUNPATH_SEARCH_PATHS = "$(inherited) @executable_path/Frameworks @loader_path/Frameworks";
				PRODUCT_BUNDLE_IDENTIFIER = com.pangshishan.CoreDataDemoTests;
				PRODUCT_NAME = "$(TARGET_NAME)";
				SWIFT_VERSION = 4.0;
				TARGETED_DEVICE_FAMILY = "1,2";
				TEST_HOST = "$(BUILT_PRODUCTS_DIR)/CoreDataDemo.app/CoreDataDemo";
			};
			name = Release;
		};
		B6ED28102048427500B6917B /* Debug */ = {
			isa = XCBuildConfiguration;
			buildSettings = {
				ALWAYS_EMBED_SWIFT_STANDARD_LIBRARIES = YES;
				CODE_SIGN_STYLE = Automatic;
				INFOPLIST_FILE = CoreDataDemoUITests/Info.plist;
				LD_RUNPATH_SEARCH_PATHS = "$(inherited) @executable_path/Frameworks @loader_path/Frameworks";
				PRODUCT_BUNDLE_IDENTIFIER = com.pangshishan.CoreDataDemoUITests;
				PRODUCT_NAME = "$(TARGET_NAME)";
				SWIFT_VERSION = 4.0;
				TARGETED_DEVICE_FAMILY = "1,2";
				TEST_TARGET_NAME = CoreDataDemo;
			};
			name = Debug;
		};
		B6ED28112048427500B6917B /* Release */ = {
			isa = XCBuildConfiguration;
			buildSettings = {
				ALWAYS_EMBED_SWIFT_STANDARD_LIBRARIES = YES;
				CODE_SIGN_STYLE = Automatic;
				INFOPLIST_FILE = CoreDataDemoUITests/Info.plist;
				LD_RUNPATH_SEARCH_PATHS = "$(inherited) @executable_path/Frameworks @loader_path/Frameworks";
				PRODUCT_BUNDLE_IDENTIFIER = com.pangshishan.CoreDataDemoUITests;
				PRODUCT_NAME = "$(TARGET_NAME)";
				SWIFT_VERSION = 4.0;
				TARGETED_DEVICE_FAMILY = "1,2";
				TEST_TARGET_NAME = CoreDataDemo;
			};
			name = Release;
		};
/* End XCBuildConfiguration section */

/* Begin XCConfigurationList section */
		B6ED27DC2048427500B6917B /* Build configuration list for PBXProject "CoreDataDemo" */ = {
			isa = XCConfigurationList;
			buildConfigurations = (
				B6ED28072048427500B6917B /* Debug */,
				B6ED28082048427500B6917B /* Release */,
			);
			defaultConfigurationIsVisible = 0;
			defaultConfigurationName = Release;
		};
		B6ED28092048427500B6917B /* Build configuration list for PBXNativeTarget "CoreDataDemo" */ = {
			isa = XCConfigurationList;
			buildConfigurations = (
				B6ED280A2048427500B6917B /* Debug */,
				B6ED280B2048427500B6917B /* Release */,
			);
			defaultConfigurationIsVisible = 0;
			defaultConfigurationName = Release;
		};
		B6ED280C2048427500B6917B /* Build configuration list for PBXNativeTarget "CoreDataDemoTests" */ = {
			isa = XCConfigurationList;
			buildConfigurations = (
				B6ED280D2048427500B6917B /* Debug */,
				B6ED280E2048427500B6917B /* Release */,
			);
			defaultConfigurationIsVisible = 0;
			defaultConfigurationName = Release;
		};
		B6ED280F2048427500B6917B /* Build configuration list for PBXNativeTarget "CoreDataDemoUITests" */ = {
			isa = XCConfigurationList;
			buildConfigurations = (
				B6ED28102048427500B6917B /* Debug */,
				B6ED28112048427500B6917B /* Release */,
			);
			defaultConfigurationIsVisible = 0;
			defaultConfigurationName = Release;
		};
/* End XCConfigurationList section */

/* Begin XCVersionGroup section */
		B6ED28122048438F00B6917B /* Company.xcdatamodeld */ = {
			isa = XCVersionGroup;
			children = (
				B6ED28132048438F00B6917B /* Company.xcdatamodel */,
			);
			currentVersion = B6ED28132048438F00B6917B /* Company.xcdatamodel */;
			path = Company.xcdatamodeld;
			sourceTree = "<group>";
			versionGroupType = wrapper.xcdatamodel;
		};
/* End XCVersionGroup section */
	};
	rootObject = B6ED27D92048427500B6917B /* Project object */;
}
